
Microsoft Visual Studio Solution File, Format Version 12.00
# Visual Studio Version 16
VisualStudioVersion = 16.0.29230.47
MinimumVisualStudioVersion = 10.0.40219.1
Project("{FAE04EC0-301F-11D3-BF4B-00C04F79EFBC}") = "Quickbuy.Dominio", "Quickbuy.Dominio\Quickbuy.Dominio.csproj", "{EDA04752-AA6E-4E97-81F9-9183E1F19FC5}"
EndProject
Project("{FAE04EC0-301F-11D3-BF4B-00C04F79EFBC}") = "QuickBuy.Repositorio", "QuickBuy.Repositorio\QuickBuy.Repositorio.csproj", "{40C42FFE-B4BA-4FC8-A21B-CFC6B6BCEC9F}"
EndProject
Project("{FAE04EC0-301F-11D3-BF4B-00C04F79EFBC}") = "QuickBuy.Web", "QuickBuy.Web\QuickBuy.Web.csproj", "{062EB9FB-9036-4F4C-822F-E64BB8B5CE0A}"
EndProject
Global
	GlobalSection(SolutionConfigurationPlatforms) = preSolution
		Debug|Any CPU = Debug|Any CPU
		Release|Any CPU = Release|Any CPU
	EndGlobalSection
	GlobalSection(ProjectConfigurationPlatforms) = postSolution
		{EDA04752-AA6E-4E97-81F9-9183E1F19FC5}.Debug|Any CPU.ActiveCfg = Debug|Any CPU
		{EDA04752-AA6E-4E97-81F9-9183E1F19FC5}.Debug|Any CPU.Build.0 = Debug|Any CPU
		{EDA04752-AA6E-4E97-81F9-9183E1F19FC5}.Release|Any CPU.ActiveCfg = Release|Any CPU
		{EDA04752-AA6E-4E97-81F9-9183E1F19FC5}.Release|Any CPU.Build.0 = Release|Any CPU
		{40C42FFE-B4BA-4FC8-A21B-CFC6B6BCEC9F}.Debug|Any CPU.ActiveCfg = Debug|Any CPU
		{40C42FFE-B4BA-4FC8-A21B-CFC6B6BCEC9F}.Debug|Any CPU.Build.0 = Debug|Any CPU
		{40C42FFE-B4BA-4FC8-A21B-CFC6B6BCEC9F}.Release|Any CPU.ActiveCfg = Release|Any CPU
		{40C42FFE-B4BA-4FC8-A21B-CFC6B6BCEC9F}.Release|Any CPU.Build.0 = Release|Any CPU
		{062EB9FB-9036-4F4C-822F-E64BB8B5CE0A}.Debug|Any CPU.ActiveCfg = Debug|Any CPU
		{062EB9FB-9036-4F4C-822F-E64BB8B5CE0A}.Debug|Any CPU.Build.0 = Debug|Any CPU
		{062EB9FB-9036-4F4C-822F-E64BB8B5CE0A}.Release|Any CPU.ActiveCfg = Release|Any CPU
		{062EB9FB-9036-4F4C-822F-E64BB8B5CE0A}.Release|Any CPU.Build.0 = Release|Any CPU
	EndGlobalSection
	GlobalSection(SolutionProperties) = preSolution
		HideSolutionNode = FALSE
	EndGlobalSection
	GlobalSection(ExtensibilityGlobals) = postSolution
		SolutionGuid = {0BFE5134-8D68-404F-8750-D31D11BAE9D2}
	EndGlobalSection
EndGlobal
